// !$*UTF8*$!
{
	archiveVersion = 1;
	classes = {
	};
	objectVersion = 46;
	objects = {

/* Begin PBXBuildFile section */
		AE0E803F1B46F8EA0047AD80 /* RAReorderableLayout.swift in Sources */ = {isa = PBXBuildFile; fileRef = AE0E803E1B46F8EA0047AD80 /* RAReorderableLayout.swift */; };
		AE0E80421B471E210047AD80 /* MetricCollectionViewCell.m in Sources */ = {isa = PBXBuildFile; fileRef = AE0E80411B471E210047AD80 /* MetricCollectionViewCell.m */; };
		AE12030A1B1E2A2D0058A43A /* Launch Screen.xib in Resources */ = {isa = PBXBuildFile; fileRef = AE1203091B1E2A2D0058A43A /* Launch Screen.xib */; };
		AE20E3F21B3B1C950066BBFE /* ChooseElementViewController.m in Sources */ = {isa = PBXBuildFile; fileRef = AE20E3F11B3B1C950066BBFE /* ChooseElementViewController.m */; };
		AE23B9561B34DA6B009B0E2E /* RabbitMQManager.m in Sources */ = {isa = PBXBuildFile; fileRef = AE23B9551B34DA6B009B0E2E /* RabbitMQManager.m */; };
		AE26BB531B66A96400110615 /* ThresholdChangeRequest.m in Sources */ = {isa = PBXBuildFile; fileRef = AE26BB521B66A96400110615 /* ThresholdChangeRequest.m */; };
		AE2C30BC1B57160A006A955E /* DE.png in Resources */ = {isa = PBXBuildFile; fileRef = AE2C30BB1B57160A006A955E /* DE.png */; };
		AE2C30BF1B585E49006A955E /* MaskContentView.m in Sources */ = {isa = PBXBuildFile; fileRef = AE2C30BE1B585E49006A955E /* MaskContentView.m */; };
		AE2C30C31B59B0D0006A955E /* error_img2.png in Resources */ = {isa = PBXBuildFile; fileRef = AE2C30C21B59B0D0006A955E /* error_img2.png */; };
		AE3B9CF71B4B22630037AEF2 /* pieChatIcon_unselected.png in Resources */ = {isa = PBXBuildFile; fileRef = AE3B9CF51B4B22630037AEF2 /* pieChatIcon_unselected.png */; };
		AE3B9CF81B4B22630037AEF2 /* remoteIcon_unselected.png in Resources */ = {isa = PBXBuildFile; fileRef = AE3B9CF61B4B22630037AEF2 /* remoteIcon_unselected.png */; };
		AE3BF0111B4C3F7300CB2B88 /* GlobalManager.m in Sources */ = {isa = PBXBuildFile; fileRef = AE3BF0101B4C3F7300CB2B88 /* GlobalManager.m */; };
		AE3F20F71B30B09200B653BE /* DistrictEnergyModel.m in Sources */ = {isa = PBXBuildFile; fileRef = AE3F20F61B30B09200B653BE /* DistrictEnergyModel.m */; };
		AE6477481B2BA32D006E8925 /* DensityModel.m in Sources */ = {isa = PBXBuildFile; fileRef = AE6477471B2BA32D006E8925 /* DensityModel.m */; };
		AE64774B1B2BA33B006E8925 /* EnergyModel.m in Sources */ = {isa = PBXBuildFile; fileRef = AE64774A1B2BA33B006E8925 /* EnergyModel.m */; };
		AE64774E1B2BA347006E8925 /* BuildingsModel.m in Sources */ = {isa = PBXBuildFile; fileRef = AE64774D1B2BA347006E8925 /* BuildingsModel.m */; };
		AE6477511B2BA43C006E8925 /* WidgetModel.m in Sources */ = {isa = PBXBuildFile; fileRef = AE6477501B2BA43C006E8925 /* WidgetModel.m */; };
		AE6C04241B41D4C700A1D777 /* active_pct.png in Resources */ = {isa = PBXBuildFile; fileRef = AE6C041E1B41D4C700A1D777 /* active_pct.png */; };
		AE6C04251B41D4C700A1D777 /* apart.png in Resources */ = {isa = PBXBuildFile; fileRef = AE6C041F1B41D4C700A1D777 /* apart.png */; };
		AE6C04261B41D4C700A1D777 /* rowhouse.png in Resources */ = {isa = PBXBuildFile; fileRef = AE6C04201B41D4C700A1D777 /* rowhouse.png */; };
		AE6C04271B41D4C700A1D777 /* single.png in Resources */ = {isa = PBXBuildFile; fileRef = AE6C04211B41D4C700A1D777 /* single.png */; };
		AE6C04281B41D4C700A1D777 /* transit_pct.png in Resources */ = {isa = PBXBuildFile; fileRef = AE6C04221B41D4C700A1D777 /* transit_pct.png */; };
		AE6C04291B41D4C700A1D777 /* vehicle_pct.png in Resources */ = {isa = PBXBuildFile; fileRef = AE6C04231B41D4C700A1D777 /* vehicle_pct.png */; };
		AE6C042F1B42029400A1D777 /* DroppableChart.m in Sources */ = {isa = PBXBuildFile; fileRef = AE6C042E1B42029400A1D777 /* DroppableChart.m */; };
		AE78ADB11B729AC500780E26 /* HintView.m in Sources */ = {isa = PBXBuildFile; fileRef = AE78ADB01B729AC500780E26 /* HintView.m */; };
		AE79D6AB1B7BEFDC00C4C3F5 /* InfoLabel.m in Sources */ = {isa = PBXBuildFile; fileRef = AE79D6AA1B7BEFDC00C4C3F5 /* InfoLabel.m */; };
		AE83C8CA1B3A091C0041E0C0 /* MasterViewController.m in Sources */ = {isa = PBXBuildFile; fileRef = AE83C8C91B3A091C0041E0C0 /* MasterViewController.m */; };
		AE83C8CD1B3A09390041E0C0 /* DetailViewController.m in Sources */ = {isa = PBXBuildFile; fileRef = AE83C8CC1B3A09390041E0C0 /* DetailViewController.m */; };
		AE83C8D01B3A32A70041E0C0 /* UIColor+Extend.m in Sources */ = {isa = PBXBuildFile; fileRef = AE83C8CF1B3A32A70041E0C0 /* UIColor+Extend.m */; };
		AE869D3C1B0EA9FA000900FF /* XMLDictionary.m in Sources */ = {isa = PBXBuildFile; fileRef = AE869D3B1B0EA9FA000900FF /* XMLDictionary.m */; };
		AE869D421B0FEB07000900FF /* EarthControlRequest.m in Sources */ = {isa = PBXBuildFile; fileRef = AE869D411B0FEB07000900FF /* EarthControlRequest.m */; };
		AE9E40361B320AE00085000D /* UnavailableView.m in Sources */ = {isa = PBXBuildFile; fileRef = AE9E40351B320AE00085000D /* UnavailableView.m */; };
		AEA1BF6F1B3C8A030079BD66 /* JDDroppableView.m in Sources */ = {isa = PBXBuildFile; fileRef = AEA1BF6E1B3C8A030079BD66 /* JDDroppableView.m */; };
		AEA1BF721B3DEA410079BD66 /* DroppableCircleChart.m in Sources */ = {isa = PBXBuildFile; fileRef = AEA1BF711B3DEA410079BD66 /* DroppableCircleChart.m */; };
		AEA1BF751B3E09740079BD66 /* DroppableBarChart.m in Sources */ = {isa = PBXBuildFile; fileRef = AEA1BF741B3E09740079BD66 /* DroppableBarChart.m */; };
		AEB81D941B43113300EA1450 /* WobbleAnimator.m in Sources */ = {isa = PBXBuildFile; fileRef = AEB81D931B43113300EA1450 /* WobbleAnimator.m */; };
		AEB81D971B43490900EA1450 /* DeleteButton.m in Sources */ = {isa = PBXBuildFile; fileRef = AEB81D961B43490900EA1450 /* DeleteButton.m */; };
		AEB8A94F1B6152AB003C8A68 /* SettingsViewController.m in Sources */ = {isa = PBXBuildFile; fileRef = AEB8A94E1B6152AB003C8A68 /* SettingsViewController.m */; };
		AEB8A9521B615B78003C8A68 /* gearIcon_selected.png in Resources */ = {isa = PBXBuildFile; fileRef = AEB8A9501B615B78003C8A68 /* gearIcon_selected.png */; };
		AEB8A9531B615B78003C8A68 /* gearIcon.png in Resources */ = {isa = PBXBuildFile; fileRef = AEB8A9511B615B78003C8A68 /* gearIcon.png */; };
		AEB8A96B1B62AE8A003C8A68 /* NSOperationQueue+Timeout.m in Sources */ = {isa = PBXBuildFile; fileRef = AEB8A96A1B62AE8A003C8A68 /* NSOperationQueue+Timeout.m */; };
		AEB8A96F1B62E598003C8A68 /* line.png in Resources */ = {isa = PBXBuildFile; fileRef = AEB8A96E1B62E598003C8A68 /* line.png */; };
		AEC45C671B855429008F2623 /* up_pressed.png in Resources */ = {isa = PBXBuildFile; fileRef = AEC45C631B855429008F2623 /* up_pressed.png */; };
		AEC45C681B855429008F2623 /* down.png in Resources */ = {isa = PBXBuildFile; fileRef = AEC45C641B855429008F2623 /* down.png */; };
		AEC45C691B855429008F2623 /* down_pressed.png in Resources */ = {isa = PBXBuildFile; fileRef = AEC45C651B855429008F2623 /* down_pressed.png */; };
		AEC45C6A1B855429008F2623 /* up.png in Resources */ = {isa = PBXBuildFile; fileRef = AEC45C661B855429008F2623 /* up.png */; };
		AED3B7FF1B558D0D008292C4 /* DroppableNumberView.m in Sources */ = {isa = PBXBuildFile; fileRef = AED3B7FE1B558D0D008292C4 /* DroppableNumberView.m */; };
		AED3B8021B55DEAC008292C4 /* DroppableSingleBarView.m in Sources */ = {isa = PBXBuildFile; fileRef = AED3B8011B55DEAC008292C4 /* DroppableSingleBarView.m */; };
		AED3B8061B55E233008292C4 /* heating_icon.png in Resources */ = {isa = PBXBuildFile; fileRef = AED3B8031B55E233008292C4 /* heating_icon.png */; };
		AED3B8071B55E233008292C4 /* lights_icon.png in Resources */ = {isa = PBXBuildFile; fileRef = AED3B8041B55E233008292C4 /* lights_icon.png */; };
		AED3B8081B55E233008292C4 /* mobility_icon.png in Resources */ = {isa = PBXBuildFile; fileRef = AED3B8051B55E233008292C4 /* mobility_icon.png */; };
		CA1639471B0E4FBC00E4FC81 /* main.m in Sources */ = {isa = PBXBuildFile; fileRef = CA1639461B0E4FBC00E4FC81 /* main.m */; };
		CA16394A1B0E4FBC00E4FC81 /* AppDelegate.m in Sources */ = {isa = PBXBuildFile; fileRef = CA1639491B0E4FBC00E4FC81 /* AppDelegate.m */; };
		CA16394D1B0E4FBC00E4FC81 /* MapControlViewController.m in Sources */ = {isa = PBXBuildFile; fileRef = CA16394C1B0E4FBC00E4FC81 /* MapControlViewController.m */; };
		CA1639521B0E4FBC00E4FC81 /* Images.xcassets in Resources */ = {isa = PBXBuildFile; fileRef = CA1639511B0E4FBC00E4FC81 /* Images.xcassets */; };
		CA1639611B0E4FBC00E4FC81 /* WallDisplayMapControllerTests.m in Sources */ = {isa = PBXBuildFile; fileRef = CA1639601B0E4FBC00E4FC81 /* WallDisplayMapControllerTests.m */; };
		CA16396C1B0E546300E4FC81 /* MapControlView.m in Sources */ = {isa = PBXBuildFile; fileRef = CA16396B1B0E546300E4FC81 /* MapControlView.m */; };
		CA1639701B0E7AC000E4FC81 /* MapWallDisplayController.m in Sources */ = {isa = PBXBuildFile; fileRef = CA16396F1B0E7AC000E4FC81 /* MapWallDisplayController.m */; };
		CA2631541B4702CA00A74FB7 /* pieChatIcon@2x.png in Resources */ = {isa = PBXBuildFile; fileRef = CA2631531B4702CA00A74FB7 /* pieChatIcon@2x.png */; };
		CA2631561B4702D000A74FB7 /* pieChatIcon.png in Resources */ = {isa = PBXBuildFile; fileRef = CA2631551B4702D000A74FB7 /* pieChatIcon.png */; };
		CA2631651B4712E300A74FB7 /* remoteIcon.png in Resources */ = {isa = PBXBuildFile; fileRef = CA2631631B4712E300A74FB7 /* remoteIcon.png */; };
		CA2631661B4712E300A74FB7 /* remoteIcon@2x.png in Resources */ = {isa = PBXBuildFile; fileRef = CA2631641B4712E300A74FB7 /* remoteIcon@2x.png */; };
		CA2D53EF1B1C1F9F00B975B6 /* TutorialView.m in Sources */ = {isa = PBXBuildFile; fileRef = CA2D53EE1B1C1F9F00B975B6 /* TutorialView.m */; };
		CA330F631CA22FAC001159D0 /* HistoryRenderRef.m in Sources */ = {isa = PBXBuildFile; fileRef = CA330F621CA22FAC001159D0 /* HistoryRenderRef.m */; };
		CA43FB831B17CBB800736FC3 /* MethodIntervalCaller.m in Sources */ = {isa = PBXBuildFile; fileRef = CA43FB821B17CBB800736FC3 /* MethodIntervalCaller.m */; };
		CA461A301B1E4C3700534070 /* dragGestureMovie.mp4 in Resources */ = {isa = PBXBuildFile; fileRef = CA461A2F1B1E4C3700534070 /* dragGestureMovie.mp4 */; };
		CA461A341B1E4FCC00534070 /* rotateGestureMovie.mp4 in Resources */ = {isa = PBXBuildFile; fileRef = CA461A331B1E4FCC00534070 /* rotateGestureMovie.mp4 */; };
		CA461A361B1E521B00534070 /* tiltGestureMovie.mp4 in Resources */ = {isa = PBXBuildFile; fileRef = CA461A351B1E521B00534070 /* tiltGestureMovie.mp4 */; };
		CA461A381B1E53CD00534070 /* zoomGestureMovie.mp4 in Resources */ = {isa = PBXBuildFile; fileRef = CA461A371B1E53CD00534070 /* zoomGestureMovie.mp4 */; };
		CA4678FD1C5BEB5D00C4D7BB /* HistoryBarController.m in Sources */ = {isa = PBXBuildFile; fileRef = CA4678FC1C5BEB5D00C4D7BB /* HistoryBarController.m */; };
		CA4679001C5BEB7800C4D7BB /* HistoryBarView.m in Sources */ = {isa = PBXBuildFile; fileRef = CA4678FF1C5BEB7800C4D7BB /* HistoryBarView.m */; };
		CA4679031C62A4DB00C4D7BB /* HistoryBarCell.m in Sources */ = {isa = PBXBuildFile; fileRef = CA4679021C62A4DB00C4D7BB /* HistoryBarCell.m */; };
		CA4A35951C75938C00656118 /* HistoryBarLayout.m in Sources */ = {isa = PBXBuildFile; fileRef = CA4A35941C75938C00656118 /* HistoryBarLayout.m */; };
		CA4E04921C9B5A3A00E2B60D /* MetricView.m in Sources */ = {isa = PBXBuildFile; fileRef = CA4E04911C9B5A3A00E2B60D /* MetricView.m */; };
		CA74C3451C595A37004D3CCE /* HistoryContainerViewController.m in Sources */ = {isa = PBXBuildFile; fileRef = CA74C3441C595A37004D3CCE /* HistoryContainerViewController.m */; };
		CA74C3481C595A6A004D3CCE /* HistoryContainerView.m in Sources */ = {isa = PBXBuildFile; fileRef = CA74C3471C595A6A004D3CCE /* HistoryContainerView.m */; };
		CAD0C8081CA9D0480022B67B /* GraphLineView.m in Sources */ = {isa = PBXBuildFile; fileRef = CAD0C8071CA9D0480022B67B /* GraphLineView.m */; };
		CAD0C80C1CAC6B7F0022B67B /* MetricsHistoryDataCenter.m in Sources */ = {isa = PBXBuildFile; fileRef = CAD0C80B1CAC6B7F0022B67B /* MetricsHistoryDataCenter.m */; };
		CAD0C8191CAEF4610022B67B /* HistoryPreviewController.m in Sources */ = {isa = PBXBuildFile; fileRef = CAD0C8181CAEF4610022B67B /* HistoryPreviewController.m */; };
		CAD0C8221CAEF63F0022B67B /* HistoryPreviewView.m in Sources */ = {isa = PBXBuildFile; fileRef = CAD0C8211CAEF63F0022B67B /* HistoryPreviewView.m */; };
		CAD0C8251CAF8C8A0022B67B /* testScreenShot1.jpg in Resources */ = {isa = PBXBuildFile; fileRef = CAD0C8231CAF8C8A0022B67B /* testScreenShot1.jpg */; };
		CAD0C8261CAF8C8A0022B67B /* testScreenShot2.jpg in Resources */ = {isa = PBXBuildFile; fileRef = CAD0C8241CAF8C8A0022B67B /* testScreenShot2.jpg */; };
		CAFC10A41C71A74600523617 /* pop.framework in Frameworks */ = {isa = PBXBuildFile; fileRef = CAFC10991C71A73800523617 /* pop.framework */; };
		CAFC10A51C71A74600523617 /* pop.framework in Embed Frameworks */ = {isa = PBXBuildFile; fileRef = CAFC10991C71A73800523617 /* pop.framework */; settings = {ATTRIBUTES = (CodeSignOnCopy, RemoveHeadersOnCopy, ); }; };
		D38A9265F06F710B6C109543 /* libPods.a in Frameworks */ = {isa = PBXBuildFile; fileRef = C2EB0F574A27F24236C46473 /* libPods.a */; };
/* End PBXBuildFile section */

/* Begin PBXContainerItemProxy section */
		CA16395B1B0E4FBC00E4FC81 /* PBXContainerItemProxy */ = {
			isa = PBXContainerItemProxy;
			containerPortal = CA1639391B0E4FBC00E4FC81 /* Project object */;
			proxyType = 1;
			remoteGlobalIDString = CA1639401B0E4FBC00E4FC81;
			remoteInfo = WallDisplayMapController;
		};
		CAFC10961C71A73800523617 /* PBXContainerItemProxy */ = {
			isa = PBXContainerItemProxy;
			containerPortal = CAFC108C1C71A73800523617 /* pop.xcodeproj */;
			proxyType = 2;
			remoteGlobalIDString = EC191218162FB53A00E0CC76;
			remoteInfo = "pop-ios-static";
		};
		CAFC10981C71A73800523617 /* PBXContainerItemProxy */ = {
			isa = PBXContainerItemProxy;
			containerPortal = CAFC108C1C71A73800523617 /* pop.xcodeproj */;
			proxyType = 2;
			remoteGlobalIDString = 0B6BE74819FFD3B900762101;
			remoteInfo = "pop-ios-framework";
		};
		CAFC109A1C71A73800523617 /* PBXContainerItemProxy */ = {
			isa = PBXContainerItemProxy;
			containerPortal = CAFC108C1C71A73800523617 /* pop.xcodeproj */;
			proxyType = 2;
			remoteGlobalIDString = EC68857F18C7B60000C6194C;
			remoteInfo = "pop-osx-framework";
		};
		CAFC109C1C71A73800523617 /* PBXContainerItemProxy */ = {
			isa = PBXContainerItemProxy;
			containerPortal = CAFC108C1C71A73800523617 /* pop.xcodeproj */;
			proxyType = 2;
			remoteGlobalIDString = 0755AE4F1BEA15950094AB41;
			remoteInfo = "pop-tvos-framework";
		};
		CAFC109E1C71A73800523617 /* PBXContainerItemProxy */ = {
			isa = PBXContainerItemProxy;
			containerPortal = CAFC108C1C71A73800523617 /* pop.xcodeproj */;
			proxyType = 2;
			remoteGlobalIDString = ECF01ED318C92B7F009E0AD1;
			remoteInfo = "pop-tests-ios";
		};
		CAFC10A01C71A73800523617 /* PBXContainerItemProxy */ = {
			isa = PBXContainerItemProxy;
			containerPortal = CAFC108C1C71A73800523617 /* pop.xcodeproj */;
			proxyType = 2;
			remoteGlobalIDString = EC7E319918C93D6500B38170;
			remoteInfo = "pop-tests-osx";
		};
		CAFC10A21C71A73800523617 /* PBXContainerItemProxy */ = {
			isa = PBXContainerItemProxy;
			containerPortal = CAFC108C1C71A73800523617 /* pop.xcodeproj */;
			proxyType = 2;
			remoteGlobalIDString = 0755AE8C1BEA19580094AB41;
			remoteInfo = "pop-tests-tvos";
		};
		CAFC10A61C71A74600523617 /* PBXContainerItemProxy */ = {
			isa = PBXContainerItemProxy;
			containerPortal = CAFC108C1C71A73800523617 /* pop.xcodeproj */;
			proxyType = 1;
			remoteGlobalIDString = 0B6BE74719FFD3B900762101;
			remoteInfo = "pop-ios-framework";
		};
/* End PBXContainerItemProxy section */

/* Begin PBXCopyFilesBuildPhase section */
		CAFC10A81C71A74700523617 /* Embed Frameworks */ = {
			isa = PBXCopyFilesBuildPhase;
			buildActionMask = 2147483647;
			dstPath = "";
			dstSubfolderSpec = 10;
			files = (
				CAFC10A51C71A74600523617 /* pop.framework in Embed Frameworks */,
			);
			name = "Embed Frameworks";
			runOnlyForDeploymentPostprocessing = 0;
		};
/* End PBXCopyFilesBuildPhase section */

/* Begin PBXFileReference section */
		01F79DA70D6D5B20AF004F8F /* Pods.release.xcconfig */ = {isa = PBXFileReference; includeInIndex = 1; lastKnownFileType = text.xcconfig; name = Pods.release.xcconfig; path = "Pods/Target Support Files/Pods/Pods.release.xcconfig"; sourceTree = "<group>"; };
		6B3211977183155B24E27D81 /* Pods.debug.xcconfig */ = {isa = PBXFileReference; includeInIndex = 1; lastKnownFileType = text.xcconfig; name = Pods.debug.xcconfig; path = "Pods/Target Support Files/Pods/Pods.debug.xcconfig"; sourceTree = "<group>"; };
		AE0E803D1B46F8E90047AD80 /* WallDisplayMapController-Bridging-Header.h */ = {isa = PBXFileReference; lastKnownFileType = sourcecode.c.h; path = "WallDisplayMapController-Bridging-Header.h"; sourceTree = "<group>"; };
		AE0E803E1B46F8EA0047AD80 /* RAReorderableLayout.swift */ = {isa = PBXFileReference; fileEncoding = 4; lastKnownFileType = sourcecode.swift; path = RAReorderableLayout.swift; sourceTree = "<group>"; };
		AE0E80401B471E210047AD80 /* MetricCollectionViewCell.h */ = {isa = PBXFileReference; fileEncoding = 4; lastKnownFileType = sourcecode.c.h; path = MetricCollectionViewCell.h; sourceTree = "<group>"; };
		AE0E80411B471E210047AD80 /* MetricCollectionViewCell.m */ = {isa = PBXFileReference; fileEncoding = 4; lastKnownFileType = sourcecode.c.objc; path = MetricCollectionViewCell.m; sourceTree = "<group>"; };
		AE1203091B1E2A2D0058A43A /* Launch Screen.xib */ = {isa = PBXFileReference; fileEncoding = 4; lastKnownFileType = file.xib; path = "Launch Screen.xib"; sourceTree = "<group>"; };
		AE20E3F01B3B1C950066BBFE /* ChooseElementViewController.h */ = {isa = PBXFileReference; fileEncoding = 4; lastKnownFileType = sourcecode.c.h; path = ChooseElementViewController.h; sourceTree = "<group>"; };
		AE20E3F11B3B1C950066BBFE /* ChooseElementViewController.m */ = {isa = PBXFileReference; fileEncoding = 4; lastKnownFileType = sourcecode.c.objc; path = ChooseElementViewController.m; sourceTree = "<group>"; };
		AE23B9531B34C3BB009B0E2E /* PrefixHeader.pch */ = {isa = PBXFileReference; fileEncoding = 4; lastKnownFileType = sourcecode.c.h; path = PrefixHeader.pch; sourceTree = "<group>"; };
		AE23B9541B34DA6A009B0E2E /* RabbitMQManager.h */ = {isa = PBXFileReference; fileEncoding = 4; lastKnownFileType = sourcecode.c.h; path = RabbitMQManager.h; sourceTree = "<group>"; };
		AE23B9551B34DA6B009B0E2E /* RabbitMQManager.m */ = {isa = PBXFileReference; fileEncoding = 4; lastKnownFileType = sourcecode.c.objc; path = RabbitMQManager.m; sourceTree = "<group>"; };
		AE26BB511B66A96400110615 /* ThresholdChangeRequest.h */ = {isa = PBXFileReference; fileEncoding = 4; lastKnownFileType = sourcecode.c.h; path = ThresholdChangeRequest.h; sourceTree = "<group>"; };
		AE26BB521B66A96400110615 /* ThresholdChangeRequest.m */ = {isa = PBXFileReference; fileEncoding = 4; lastKnownFileType = sourcecode.c.objc; path = ThresholdChangeRequest.m; sourceTree = "<group>"; };
		AE2C30BB1B57160A006A955E /* DE.png */ = {isa = PBXFileReference; lastKnownFileType = image.png; path = DE.png; sourceTree = "<group>"; };
		AE2C30BD1B585E49006A955E /* MaskContentView.h */ = {isa = PBXFileReference; fileEncoding = 4; lastKnownFileType = sourcecode.c.h; path = MaskContentView.h; sourceTree = "<group>"; };
		AE2C30BE1B585E49006A955E /* MaskContentView.m */ = {isa = PBXFileReference; fileEncoding = 4; lastKnownFileType = sourcecode.c.objc; path = MaskContentView.m; sourceTree = "<group>"; };
		AE2C30C21B59B0D0006A955E /* error_img2.png */ = {isa = PBXFileReference; lastKnownFileType = image.png; path = error_img2.png; sourceTree = "<group>"; };
		AE3B9CF51B4B22630037AEF2 /* pieChatIcon_unselected.png */ = {isa = PBXFileReference; lastKnownFileType = image.png; path = pieChatIcon_unselected.png; sourceTree = "<group>"; };
		AE3B9CF61B4B22630037AEF2 /* remoteIcon_unselected.png */ = {isa = PBXFileReference; lastKnownFileType = image.png; path = remoteIcon_unselected.png; sourceTree = "<group>"; };
		AE3BF00F1B4C3F7300CB2B88 /* GlobalManager.h */ = {isa = PBXFileReference; fileEncoding = 4; lastKnownFileType = sourcecode.c.h; path = GlobalManager.h; sourceTree = "<group>"; };
		AE3BF0101B4C3F7300CB2B88 /* GlobalManager.m */ = {isa = PBXFileReference; fileEncoding = 4; lastKnownFileType = sourcecode.c.objc; path = GlobalManager.m; sourceTree = "<group>"; };
		AE3F20F51B30B09200B653BE /* DistrictEnergyModel.h */ = {isa = PBXFileReference; fileEncoding = 4; lastKnownFileType = sourcecode.c.h; path = DistrictEnergyModel.h; sourceTree = "<group>"; };
		AE3F20F61B30B09200B653BE /* DistrictEnergyModel.m */ = {isa = PBXFileReference; fileEncoding = 4; lastKnownFileType = sourcecode.c.objc; path = DistrictEnergyModel.m; sourceTree = "<group>"; };
		AE6477461B2BA32D006E8925 /* DensityModel.h */ = {isa = PBXFileReference; fileEncoding = 4; lastKnownFileType = sourcecode.c.h; path = DensityModel.h; sourceTree = "<group>"; };
		AE6477471B2BA32D006E8925 /* DensityModel.m */ = {isa = PBXFileReference; fileEncoding = 4; lastKnownFileType = sourcecode.c.objc; path = DensityModel.m; sourceTree = "<group>"; };
		AE6477491B2BA33B006E8925 /* EnergyModel.h */ = {isa = PBXFileReference; fileEncoding = 4; lastKnownFileType = sourcecode.c.h; path = EnergyModel.h; sourceTree = "<group>"; };
		AE64774A1B2BA33B006E8925 /* EnergyModel.m */ = {isa = PBXFileReference; fileEncoding = 4; lastKnownFileType = sourcecode.c.objc; path = EnergyModel.m; sourceTree = "<group>"; };
		AE64774C1B2BA347006E8925 /* BuildingsModel.h */ = {isa = PBXFileReference; fileEncoding = 4; lastKnownFileType = sourcecode.c.h; path = BuildingsModel.h; sourceTree = "<group>"; };
		AE64774D1B2BA347006E8925 /* BuildingsModel.m */ = {isa = PBXFileReference; fileEncoding = 4; lastKnownFileType = sourcecode.c.objc; path = BuildingsModel.m; sourceTree = "<group>"; };
		AE64774F1B2BA43C006E8925 /* WidgetModel.h */ = {isa = PBXFileReference; fileEncoding = 4; lastKnownFileType = sourcecode.c.h; path = WidgetModel.h; sourceTree = "<group>"; };
		AE6477501B2BA43C006E8925 /* WidgetModel.m */ = {isa = PBXFileReference; fileEncoding = 4; lastKnownFileType = sourcecode.c.objc; path = WidgetModel.m; sourceTree = "<group>"; };
		AE6C041E1B41D4C700A1D777 /* active_pct.png */ = {isa = PBXFileReference; lastKnownFileType = image.png; path = active_pct.png; sourceTree = "<group>"; };
		AE6C041F1B41D4C700A1D777 /* apart.png */ = {isa = PBXFileReference; lastKnownFileType = image.png; path = apart.png; sourceTree = "<group>"; };
		AE6C04201B41D4C700A1D777 /* rowhouse.png */ = {isa = PBXFileReference; lastKnownFileType = image.png; path = rowhouse.png; sourceTree = "<group>"; };
		AE6C04211B41D4C700A1D777 /* single.png */ = {isa = PBXFileReference; lastKnownFileType = image.png; path = single.png; sourceTree = "<group>"; };
		AE6C04221B41D4C700A1D777 /* transit_pct.png */ = {isa = PBXFileReference; lastKnownFileType = image.png; path = transit_pct.png; sourceTree = "<group>"; };
		AE6C04231B41D4C700A1D777 /* vehicle_pct.png */ = {isa = PBXFileReference; lastKnownFileType = image.png; path = vehicle_pct.png; sourceTree = "<group>"; };
		AE6C042D1B42029400A1D777 /* DroppableChart.h */ = {isa = PBXFileReference; fileEncoding = 4; lastKnownFileType = sourcecode.c.h; path = DroppableChart.h; sourceTree = "<group>"; };
		AE6C042E1B42029400A1D777 /* DroppableChart.m */ = {isa = PBXFileReference; fileEncoding = 4; lastKnownFileType = sourcecode.c.objc; path = DroppableChart.m; sourceTree = "<group>"; };
		AE78ADAF1B729AC500780E26 /* HintView.h */ = {isa = PBXFileReference; fileEncoding = 4; lastKnownFileType = sourcecode.c.h; path = HintView.h; sourceTree = "<group>"; };
		AE78ADB01B729AC500780E26 /* HintView.m */ = {isa = PBXFileReference; fileEncoding = 4; lastKnownFileType = sourcecode.c.objc; path = HintView.m; sourceTree = "<group>"; };
		AE79D6A91B7BEFDC00C4C3F5 /* InfoLabel.h */ = {isa = PBXFileReference; fileEncoding = 4; lastKnownFileType = sourcecode.c.h; path = InfoLabel.h; sourceTree = "<group>"; };
		AE79D6AA1B7BEFDC00C4C3F5 /* InfoLabel.m */ = {isa = PBXFileReference; fileEncoding = 4; lastKnownFileType = sourcecode.c.objc; path = InfoLabel.m; sourceTree = "<group>"; };
		AE83C8C81B3A091C0041E0C0 /* MasterViewController.h */ = {isa = PBXFileReference; fileEncoding = 4; lastKnownFileType = sourcecode.c.h; path = MasterViewController.h; sourceTree = "<group>"; };
		AE83C8C91B3A091C0041E0C0 /* MasterViewController.m */ = {isa = PBXFileReference; fileEncoding = 4; lastKnownFileType = sourcecode.c.objc; path = MasterViewController.m; sourceTree = "<group>"; };
		AE83C8CB1B3A09390041E0C0 /* DetailViewController.h */ = {isa = PBXFileReference; fileEncoding = 4; lastKnownFileType = sourcecode.c.h; path = DetailViewController.h; sourceTree = "<group>"; };
		AE83C8CC1B3A09390041E0C0 /* DetailViewController.m */ = {isa = PBXFileReference; fileEncoding = 4; lastKnownFileType = sourcecode.c.objc; path = DetailViewController.m; sourceTree = "<group>"; };
		AE83C8CE1B3A32A70041E0C0 /* UIColor+Extend.h */ = {isa = PBXFileReference; fileEncoding = 4; lastKnownFileType = sourcecode.c.h; path = "UIColor+Extend.h"; sourceTree = "<group>"; };
		AE83C8CF1B3A32A70041E0C0 /* UIColor+Extend.m */ = {isa = PBXFileReference; fileEncoding = 4; lastKnownFileType = sourcecode.c.objc; path = "UIColor+Extend.m"; sourceTree = "<group>"; };
		AE869D3A1B0EA9FA000900FF /* XMLDictionary.h */ = {isa = PBXFileReference; fileEncoding = 4; lastKnownFileType = sourcecode.c.h; path = XMLDictionary.h; sourceTree = "<group>"; };
		AE869D3B1B0EA9FA000900FF /* XMLDictionary.m */ = {isa = PBXFileReference; fileEncoding = 4; lastKnownFileType = sourcecode.c.objc; path = XMLDictionary.m; sourceTree = "<group>"; };
		AE869D401B0FEB07000900FF /* EarthControlRequest.h */ = {isa = PBXFileReference; fileEncoding = 4; lastKnownFileType = sourcecode.c.h; path = EarthControlRequest.h; sourceTree = "<group>"; };
		AE869D411B0FEB07000900FF /* EarthControlRequest.m */ = {isa = PBXFileReference; fileEncoding = 4; lastKnownFileType = sourcecode.c.objc; path = EarthControlRequest.m; sourceTree = "<group>"; };
		AE9E40341B320AE00085000D /* UnavailableView.h */ = {isa = PBXFileReference; fileEncoding = 4; lastKnownFileType = sourcecode.c.h; path = UnavailableView.h; sourceTree = "<group>"; };
		AE9E40351B320AE00085000D /* UnavailableView.m */ = {isa = PBXFileReference; fileEncoding = 4; lastKnownFileType = sourcecode.c.objc; path = UnavailableView.m; sourceTree = "<group>"; };
		AEA1BF6D1B3C8A030079BD66 /* JDDroppableView.h */ = {isa = PBXFileReference; fileEncoding = 4; lastKnownFileType = sourcecode.c.h; path = JDDroppableView.h; sourceTree = "<group>"; };
		AEA1BF6E1B3C8A030079BD66 /* JDDroppableView.m */ = {isa = PBXFileReference; fileEncoding = 4; lastKnownFileType = sourcecode.c.objc; path = JDDroppableView.m; sourceTree = "<group>"; };
		AEA1BF701B3DEA410079BD66 /* DroppableCircleChart.h */ = {isa = PBXFileReference; fileEncoding = 4; lastKnownFileType = sourcecode.c.h; path = DroppableCircleChart.h; sourceTree = "<group>"; };
		AEA1BF711B3DEA410079BD66 /* DroppableCircleChart.m */ = {isa = PBXFileReference; fileEncoding = 4; lastKnownFileType = sourcecode.c.objc; path = DroppableCircleChart.m; sourceTree = "<group>"; };
		AEA1BF731B3E09740079BD66 /* DroppableBarChart.h */ = {isa = PBXFileReference; fileEncoding = 4; lastKnownFileType = sourcecode.c.h; path = DroppableBarChart.h; sourceTree = "<group>"; };
		AEA1BF741B3E09740079BD66 /* DroppableBarChart.m */ = {isa = PBXFileReference; fileEncoding = 4; lastKnownFileType = sourcecode.c.objc; path = DroppableBarChart.m; sourceTree = "<group>"; };
		AEB81D921B43113300EA1450 /* WobbleAnimator.h */ = {isa = PBXFileReference; fileEncoding = 4; lastKnownFileType = sourcecode.c.h; path = WobbleAnimator.h; sourceTree = "<group>"; };
		AEB81D931B43113300EA1450 /* WobbleAnimator.m */ = {isa = PBXFileReference; fileEncoding = 4; lastKnownFileType = sourcecode.c.objc; path = WobbleAnimator.m; sourceTree = "<group>"; };
		AEB81D951B43490900EA1450 /* DeleteButton.h */ = {isa = PBXFileReference; fileEncoding = 4; lastKnownFileType = sourcecode.c.h; path = DeleteButton.h; sourceTree = "<group>"; };
		AEB81D961B43490900EA1450 /* DeleteButton.m */ = {isa = PBXFileReference; fileEncoding = 4; lastKnownFileType = sourcecode.c.objc; path = DeleteButton.m; sourceTree = "<group>"; };
		AEB8A94D1B6152AB003C8A68 /* SettingsViewController.h */ = {isa = PBXFileReference; fileEncoding = 4; lastKnownFileType = sourcecode.c.h; path = SettingsViewController.h; sourceTree = "<group>"; };
		AEB8A94E1B6152AB003C8A68 /* SettingsViewController.m */ = {isa = PBXFileReference; fileEncoding = 4; lastKnownFileType = sourcecode.c.objc; path = SettingsViewController.m; sourceTree = "<group>"; };
		AEB8A9501B615B78003C8A68 /* gearIcon_selected.png */ = {isa = PBXFileReference; lastKnownFileType = image.png; path = gearIcon_selected.png; sourceTree = "<group>"; };
		AEB8A9511B615B78003C8A68 /* gearIcon.png */ = {isa = PBXFileReference; lastKnownFileType = image.png; path = gearIcon.png; sourceTree = "<group>"; };
		AEB8A9691B62AE8A003C8A68 /* NSOperationQueue+Timeout.h */ = {isa = PBXFileReference; fileEncoding = 4; lastKnownFileType = sourcecode.c.h; path = "NSOperationQueue+Timeout.h"; sourceTree = "<group>"; };
		AEB8A96A1B62AE8A003C8A68 /* NSOperationQueue+Timeout.m */ = {isa = PBXFileReference; fileEncoding = 4; lastKnownFileType = sourcecode.c.objc; path = "NSOperationQueue+Timeout.m"; sourceTree = "<group>"; };
		AEB8A96E1B62E598003C8A68 /* line.png */ = {isa = PBXFileReference; lastKnownFileType = image.png; path = line.png; sourceTree = "<group>"; };
		AEC45C631B855429008F2623 /* up_pressed.png */ = {isa = PBXFileReference; lastKnownFileType = image.png; path = up_pressed.png; sourceTree = "<group>"; };
		AEC45C641B855429008F2623 /* down.png */ = {isa = PBXFileReference; lastKnownFileType = image.png; path = down.png; sourceTree = "<group>"; };
		AEC45C651B855429008F2623 /* down_pressed.png */ = {isa = PBXFileReference; lastKnownFileType = image.png; path = down_pressed.png; sourceTree = "<group>"; };
		AEC45C661B855429008F2623 /* up.png */ = {isa = PBXFileReference; lastKnownFileType = image.png; path = up.png; sourceTree = "<group>"; };
		AED3B7FD1B558D0D008292C4 /* DroppableNumberView.h */ = {isa = PBXFileReference; fileEncoding = 4; lastKnownFileType = sourcecode.c.h; path = DroppableNumberView.h; sourceTree = "<group>"; };
		AED3B7FE1B558D0D008292C4 /* DroppableNumberView.m */ = {isa = PBXFileReference; fileEncoding = 4; lastKnownFileType = sourcecode.c.objc; path = DroppableNumberView.m; sourceTree = "<group>"; };
		AED3B8001B55DEAC008292C4 /* DroppableSingleBarView.h */ = {isa = PBXFileReference; fileEncoding = 4; lastKnownFileType = sourcecode.c.h; path = DroppableSingleBarView.h; sourceTree = "<group>"; };
		AED3B8011B55DEAC008292C4 /* DroppableSingleBarView.m */ = {isa = PBXFileReference; fileEncoding = 4; lastKnownFileType = sourcecode.c.objc; path = DroppableSingleBarView.m; sourceTree = "<group>"; };
		AED3B8031B55E233008292C4 /* heating_icon.png */ = {isa = PBXFileReference; lastKnownFileType = image.png; path = heating_icon.png; sourceTree = "<group>"; };
		AED3B8041B55E233008292C4 /* lights_icon.png */ = {isa = PBXFileReference; lastKnownFileType = image.png; path = lights_icon.png; sourceTree = "<group>"; };
		AED3B8051B55E233008292C4 /* mobility_icon.png */ = {isa = PBXFileReference; lastKnownFileType = image.png; path = mobility_icon.png; sourceTree = "<group>"; };
		C2EB0F574A27F24236C46473 /* libPods.a */ = {isa = PBXFileReference; explicitFileType = archive.ar; includeInIndex = 0; path = libPods.a; sourceTree = BUILT_PRODUCTS_DIR; };
		CA1639411B0E4FBC00E4FC81 /* WallDisplayMapController.app */ = {isa = PBXFileReference; explicitFileType = wrapper.application; includeInIndex = 0; path = WallDisplayMapController.app; sourceTree = BUILT_PRODUCTS_DIR; };
		CA1639451B0E4FBC00E4FC81 /* Info.plist */ = {isa = PBXFileReference; lastKnownFileType = text.plist.xml; path = Info.plist; sourceTree = "<group>"; };
		CA1639461B0E4FBC00E4FC81 /* main.m */ = {isa = PBXFileReference; lastKnownFileType = sourcecode.c.objc; path = main.m; sourceTree = "<group>"; };
		CA1639481B0E4FBC00E4FC81 /* AppDelegate.h */ = {isa = PBXFileReference; lastKnownFileType = sourcecode.c.h; path = AppDelegate.h; sourceTree = "<group>"; };
		CA1639491B0E4FBC00E4FC81 /* AppDelegate.m */ = {isa = PBXFileReference; lastKnownFileType = sourcecode.c.objc; path = AppDelegate.m; sourceTree = "<group>"; };
		CA16394B1B0E4FBC00E4FC81 /* MapControlViewController.h */ = {isa = PBXFileReference; lastKnownFileType = sourcecode.c.h; path = MapControlViewController.h; sourceTree = "<group>"; };
		CA16394C1B0E4FBC00E4FC81 /* MapControlViewController.m */ = {isa = PBXFileReference; lastKnownFileType = sourcecode.c.objc; path = MapControlViewController.m; sourceTree = "<group>"; };
		CA1639511B0E4FBC00E4FC81 /* Images.xcassets */ = {isa = PBXFileReference; lastKnownFileType = folder.assetcatalog; path = Images.xcassets; sourceTree = "<group>"; };
		CA16395A1B0E4FBC00E4FC81 /* WallDisplayMapControllerTests.xctest */ = {isa = PBXFileReference; explicitFileType = wrapper.cfbundle; includeInIndex = 0; path = WallDisplayMapControllerTests.xctest; sourceTree = BUILT_PRODUCTS_DIR; };
		CA16395F1B0E4FBC00E4FC81 /* Info.plist */ = {isa = PBXFileReference; lastKnownFileType = text.plist.xml; path = Info.plist; sourceTree = "<group>"; };
		CA1639601B0E4FBC00E4FC81 /* WallDisplayMapControllerTests.m */ = {isa = PBXFileReference; lastKnownFileType = sourcecode.c.objc; path = WallDisplayMapControllerTests.m; sourceTree = "<group>"; };
		CA16396A1B0E546300E4FC81 /* MapControlView.h */ = {isa = PBXFileReference; fileEncoding = 4; lastKnownFileType = sourcecode.c.h; path = MapControlView.h; sourceTree = "<group>"; };
		CA16396B1B0E546300E4FC81 /* MapControlView.m */ = {isa = PBXFileReference; fileEncoding = 4; lastKnownFileType = sourcecode.c.objc; path = MapControlView.m; sourceTree = "<group>"; };
		CA16396D1B0E742200E4FC81 /* MapWallDisplayProtocal.h */ = {isa = PBXFileReference; fileEncoding = 4; lastKnownFileType = sourcecode.c.h; path = MapWallDisplayProtocal.h; sourceTree = "<group>"; };
		CA16396E1B0E7AC000E4FC81 /* MapWallDisplayController.h */ = {isa = PBXFileReference; fileEncoding = 4; lastKnownFileType = sourcecode.c.h; path = MapWallDisplayController.h; sourceTree = "<group>"; };
		CA16396F1B0E7AC000E4FC81 /* MapWallDisplayController.m */ = {isa = PBXFileReference; fileEncoding = 4; lastKnownFileType = sourcecode.c.objc; path = MapWallDisplayController.m; sourceTree = "<group>"; };
		CA2631531B4702CA00A74FB7 /* pieChatIcon@2x.png */ = {isa = PBXFileReference; lastKnownFileType = image.png; path = "pieChatIcon@2x.png"; sourceTree = "<group>"; };
		CA2631551B4702D000A74FB7 /* pieChatIcon.png */ = {isa = PBXFileReference; lastKnownFileType = image.png; path = pieChatIcon.png; sourceTree = "<group>"; };
		CA2631631B4712E300A74FB7 /* remoteIcon.png */ = {isa = PBXFileReference; lastKnownFileType = image.png; path = remoteIcon.png; sourceTree = "<group>"; };
		CA2631641B4712E300A74FB7 /* remoteIcon@2x.png */ = {isa = PBXFileReference; lastKnownFileType = image.png; path = "remoteIcon@2x.png"; sourceTree = "<group>"; };
		CA2D53ED1B1C1F9F00B975B6 /* TutorialView.h */ = {isa = PBXFileReference; fileEncoding = 4; lastKnownFileType = sourcecode.c.h; path = TutorialView.h; sourceTree = "<group>"; };
		CA2D53EE1B1C1F9F00B975B6 /* TutorialView.m */ = {isa = PBXFileReference; fileEncoding = 4; lastKnownFileType = sourcecode.c.objc; path = TutorialView.m; sourceTree = "<group>"; };
		CA330F611CA22FAC001159D0 /* HistoryRenderRef.h */ = {isa = PBXFileReference; fileEncoding = 4; lastKnownFileType = sourcecode.c.h; path = HistoryRenderRef.h; sourceTree = "<group>"; };
		CA330F621CA22FAC001159D0 /* HistoryRenderRef.m */ = {isa = PBXFileReference; fileEncoding = 4; lastKnownFileType = sourcecode.c.objc; path = HistoryRenderRef.m; sourceTree = "<group>"; };
		CA43FB811B17CBB800736FC3 /* MethodIntervalCaller.h */ = {isa = PBXFileReference; fileEncoding = 4; lastKnownFileType = sourcecode.c.h; path = MethodIntervalCaller.h; sourceTree = "<group>"; };
		CA43FB821B17CBB800736FC3 /* MethodIntervalCaller.m */ = {isa = PBXFileReference; fileEncoding = 4; lastKnownFileType = sourcecode.c.objc; path = MethodIntervalCaller.m; sourceTree = "<group>"; };
		CA461A2F1B1E4C3700534070 /* dragGestureMovie.mp4 */ = {isa = PBXFileReference; lastKnownFileType = file; path = dragGestureMovie.mp4; sourceTree = "<group>"; };
		CA461A331B1E4FCC00534070 /* rotateGestureMovie.mp4 */ = {isa = PBXFileReference; lastKnownFileType = file; path = rotateGestureMovie.mp4; sourceTree = "<group>"; };
		CA461A351B1E521B00534070 /* tiltGestureMovie.mp4 */ = {isa = PBXFileReference; lastKnownFileType = file; path = tiltGestureMovie.mp4; sourceTree = "<group>"; };
		CA461A371B1E53CD00534070 /* zoomGestureMovie.mp4 */ = {isa = PBXFileReference; lastKnownFileType = file; path = zoomGestureMovie.mp4; sourceTree = "<group>"; };
		CA4678FB1C5BEB5D00C4D7BB /* HistoryBarController.h */ = {isa = PBXFileReference; fileEncoding = 4; lastKnownFileType = sourcecode.c.h; path = HistoryBarController.h; sourceTree = "<group>"; };
		CA4678FC1C5BEB5D00C4D7BB /* HistoryBarController.m */ = {isa = PBXFileReference; fileEncoding = 4; lastKnownFileType = sourcecode.c.objc; path = HistoryBarController.m; sourceTree = "<group>"; };
		CA4678FE1C5BEB7800C4D7BB /* HistoryBarView.h */ = {isa = PBXFileReference; fileEncoding = 4; lastKnownFileType = sourcecode.c.h; path = HistoryBarView.h; sourceTree = "<group>"; };
		CA4678FF1C5BEB7800C4D7BB /* HistoryBarView.m */ = {isa = PBXFileReference; fileEncoding = 4; lastKnownFileType = sourcecode.c.objc; path = HistoryBarView.m; sourceTree = "<group>"; };
		CA4679011C62A4DB00C4D7BB /* HistoryBarCell.h */ = {isa = PBXFileReference; fileEncoding = 4; lastKnownFileType = sourcecode.c.h; path = HistoryBarCell.h; sourceTree = "<group>"; };
		CA4679021C62A4DB00C4D7BB /* HistoryBarCell.m */ = {isa = PBXFileReference; fileEncoding = 4; lastKnownFileType = sourcecode.c.objc; path = HistoryBarCell.m; sourceTree = "<group>"; };
		CA4A35891C72D3E100656118 /* HistoryBarViewMyDelegate.h */ = {isa = PBXFileReference; fileEncoding = 4; lastKnownFileType = sourcecode.c.h; path = HistoryBarViewMyDelegate.h; sourceTree = "<group>"; };
		CA4A35931C75938C00656118 /* HistoryBarLayout.h */ = {isa = PBXFileReference; fileEncoding = 4; lastKnownFileType = sourcecode.c.h; path = HistoryBarLayout.h; sourceTree = "<group>"; };
		CA4A35941C75938C00656118 /* HistoryBarLayout.m */ = {isa = PBXFileReference; fileEncoding = 4; lastKnownFileType = sourcecode.c.objc; path = HistoryBarLayout.m; sourceTree = "<group>"; };
		CA4E04901C9B5A3A00E2B60D /* MetricView.h */ = {isa = PBXFileReference; fileEncoding = 4; lastKnownFileType = sourcecode.c.h; path = MetricView.h; sourceTree = "<group>"; };
		CA4E04911C9B5A3A00E2B60D /* MetricView.m */ = {isa = PBXFileReference; fileEncoding = 4; lastKnownFileType = sourcecode.c.objc; path = MetricView.m; sourceTree = "<group>"; };
		CA74C3431C595A37004D3CCE /* HistoryContainerViewController.h */ = {isa = PBXFileReference; fileEncoding = 4; lastKnownFileType = sourcecode.c.h; path = HistoryContainerViewController.h; sourceTree = "<group>"; };
		CA74C3441C595A37004D3CCE /* HistoryContainerViewController.m */ = {isa = PBXFileReference; fileEncoding = 4; lastKnownFileType = sourcecode.c.objc; path = HistoryContainerViewController.m; sourceTree = "<group>"; };
		CA74C3461C595A6A004D3CCE /* HistoryContainerView.h */ = {isa = PBXFileReference; fileEncoding = 4; lastKnownFileType = sourcecode.c.h; path = HistoryContainerView.h; sourceTree = "<group>"; };
		CA74C3471C595A6A004D3CCE /* HistoryContainerView.m */ = {isa = PBXFileReference; fileEncoding = 4; lastKnownFileType = sourcecode.c.objc; path = HistoryContainerView.m; sourceTree = "<group>"; };
		CAD0C8061CA9D0480022B67B /* GraphLineView.h */ = {isa = PBXFileReference; fileEncoding = 4; lastKnownFileType = sourcecode.c.h; path = GraphLineView.h; sourceTree = "<group>"; };
		CAD0C8071CA9D0480022B67B /* GraphLineView.m */ = {isa = PBXFileReference; fileEncoding = 4; lastKnownFileType = sourcecode.c.objc; path = GraphLineView.m; sourceTree = "<group>"; };
		CAD0C80A1CAC6B7F0022B67B /* MetricsHistoryDataCenter.h */ = {isa = PBXFileReference; fileEncoding = 4; lastKnownFileType = sourcecode.c.h; path = MetricsHistoryDataCenter.h; sourceTree = "<group>"; };
		CAD0C80B1CAC6B7F0022B67B /* MetricsHistoryDataCenter.m */ = {isa = PBXFileReference; fileEncoding = 4; lastKnownFileType = sourcecode.c.objc; path = MetricsHistoryDataCenter.m; sourceTree = "<group>"; };
		CAD0C8141CAC74FC0022B67B /* MetricNameTypeDef.h */ = {isa = PBXFileReference; lastKnownFileType = sourcecode.c.h; path = MetricNameTypeDef.h; sourceTree = "<group>"; };
		CAD0C8171CAEF4610022B67B /* HistoryPreviewController.h */ = {isa = PBXFileReference; fileEncoding = 4; lastKnownFileType = sourcecode.c.h; path = HistoryPreviewController.h; sourceTree = "<group>"; };
		CAD0C8181CAEF4610022B67B /* HistoryPreviewController.m */ = {isa = PBXFileReference; fileEncoding = 4; lastKnownFileType = sourcecode.c.objc; path = HistoryPreviewController.m; sourceTree = "<group>"; };
		CAD0C8201CAEF63F0022B67B /* HistoryPreviewView.h */ = {isa = PBXFileReference; fileEncoding = 4; lastKnownFileType = sourcecode.c.h; path = HistoryPreviewView.h; sourceTree = "<group>"; };
		CAD0C8211CAEF63F0022B67B /* HistoryPreviewView.m */ = {isa = PBXFileReference; fileEncoding = 4; lastKnownFileType = sourcecode.c.objc; path = HistoryPreviewView.m; sourceTree = "<group>"; };
		CAD0C8231CAF8C8A0022B67B /* testScreenShot1.jpg */ = {isa = PBXFileReference; lastKnownFileType = image.jpeg; path = testScreenShot1.jpg; sourceTree = "<group>"; };
		CAD0C8241CAF8C8A0022B67B /* testScreenShot2.jpg */ = {isa = PBXFileReference; lastKnownFileType = image.jpeg; path = testScreenShot2.jpg; sourceTree = "<group>"; };
		CAFC108C1C71A73800523617 /* pop.xcodeproj */ = {isa = PBXFileReference; lastKnownFileType = "wrapper.pb-project"; name = pop.xcodeproj; path = "pop-master/pop.xcodeproj"; sourceTree = "<group>"; };
/* End PBXFileReference section */

/* Begin PBXFrameworksBuildPhase section */
		CA16393E1B0E4FBC00E4FC81 /* Frameworks */ = {
			isa = PBXFrameworksBuildPhase;
			buildActionMask = 2147483647;
			files = (
				CAFC10A41C71A74600523617 /* pop.framework in Frameworks */,
				D38A9265F06F710B6C109543 /* libPods.a in Frameworks */,
			);
			runOnlyForDeploymentPostprocessing = 0;
		};
		CA1639571B0E4FBC00E4FC81 /* Frameworks */ = {
			isa = PBXFrameworksBuildPhase;
			buildActionMask = 2147483647;
			files = (
			);
			runOnlyForDeploymentPostprocessing = 0;
		};
/* End PBXFrameworksBuildPhase section */

/* Begin PBXGroup section */
		0F14949BC8714AEB94B49ED5 /* Pods */ = {
			isa = PBXGroup;
			children = (
				6B3211977183155B24E27D81 /* Pods.debug.xcconfig */,
				01F79DA70D6D5B20AF004F8F /* Pods.release.xcconfig */,
			);
			name = Pods;
			sourceTree = "<group>";
		};
		AE20E3F41B3B480F0066BBFE /* WidgetElementViews */ = {
			isa = PBXGroup;
			children = (
				AEB81D951B43490900EA1450 /* DeleteButton.h */,
				AEB81D961B43490900EA1450 /* DeleteButton.m */,
				AE0E80401B471E210047AD80 /* MetricCollectionViewCell.h */,
				AE0E80411B471E210047AD80 /* MetricCollectionViewCell.m */,
				AEA1BF701B3DEA410079BD66 /* DroppableCircleChart.h */,
				AEA1BF711B3DEA410079BD66 /* DroppableCircleChart.m */,
				AEA1BF731B3E09740079BD66 /* DroppableBarChart.h */,
				AEA1BF741B3E09740079BD66 /* DroppableBarChart.m */,
				AE6C042D1B42029400A1D777 /* DroppableChart.h */,
				AE6C042E1B42029400A1D777 /* DroppableChart.m */,
				AED3B7FD1B558D0D008292C4 /* DroppableNumberView.h */,
				AED3B7FE1B558D0D008292C4 /* DroppableNumberView.m */,
				AED3B8001B55DEAC008292C4 /* DroppableSingleBarView.h */,
				AED3B8011B55DEAC008292C4 /* DroppableSingleBarView.m */,
				AE79D6A91B7BEFDC00C4C3F5 /* InfoLabel.h */,
				AE79D6AA1B7BEFDC00C4C3F5 /* InfoLabel.m */,
			);
			name = WidgetElementViews;
			sourceTree = "<group>";
		};
		AE6477441B2BA2A5006E8925 /* Model */ = {
			isa = PBXGroup;
			children = (
				AE6477461B2BA32D006E8925 /* DensityModel.h */,
				AE6477471B2BA32D006E8925 /* DensityModel.m */,
				AE6477491B2BA33B006E8925 /* EnergyModel.h */,
				AE64774A1B2BA33B006E8925 /* EnergyModel.m */,
				AE64774C1B2BA347006E8925 /* BuildingsModel.h */,
				AE64774D1B2BA347006E8925 /* BuildingsModel.m */,
				AE64774F1B2BA43C006E8925 /* WidgetModel.h */,
				AE6477501B2BA43C006E8925 /* WidgetModel.m */,
				AE3F20F51B30B09200B653BE /* DistrictEnergyModel.h */,
				AE3F20F61B30B09200B653BE /* DistrictEnergyModel.m */,
				CAD0C8091CAC69A80022B67B /* History */,
			);
			name = Model;
			sourceTree = "<group>";
		};
		AE6477451B2BA2AC006E8925 /* Controller */ = {
			isa = PBXGroup;
			children = (
				CA16394B1B0E4FBC00E4FC81 /* MapControlViewController.h */,
				CA16394C1B0E4FBC00E4FC81 /* MapControlViewController.m */,
				AE83C8C81B3A091C0041E0C0 /* MasterViewController.h */,
				AE83C8C91B3A091C0041E0C0 /* MasterViewController.m */,
				AE83C8CB1B3A09390041E0C0 /* DetailViewController.h */,
				AE83C8CC1B3A09390041E0C0 /* DetailViewController.m */,
				AE20E3F01B3B1C950066BBFE /* ChooseElementViewController.h */,
				AE20E3F11B3B1C950066BBFE /* ChooseElementViewController.m */,
				AEB8A94D1B6152AB003C8A68 /* SettingsViewController.h */,
				AEB8A94E1B6152AB003C8A68 /* SettingsViewController.m */,
				CA4678F91C5BE83C00C4D7BB /* HistoryViewControllers */,
			);
			name = Controller;
			sourceTree = "<group>";
		};
		AEA1BF6C1B3C8A030079BD66 /* DroppableView */ = {
			isa = PBXGroup;
			children = (
				AEA1BF6D1B3C8A030079BD66 /* JDDroppableView.h */,
				AEA1BF6E1B3C8A030079BD66 /* JDDroppableView.m */,
			);
			path = DroppableView;
			sourceTree = "<group>";
		};
		CA1639381B0E4FBC00E4FC81 = {
			isa = PBXGroup;
			children = (
				CAFC108C1C71A73800523617 /* pop.xcodeproj */,
				CA1639431B0E4FBC00E4FC81 /* WallDisplayMapController */,
				CA16395D1B0E4FBC00E4FC81 /* WallDisplayMapControllerTests */,
				CA1639421B0E4FBC00E4FC81 /* Products */,
				0F14949BC8714AEB94B49ED5 /* Pods */,
				FEF783D47782776F3F6477CC /* Frameworks */,
			);
			sourceTree = "<group>";
		};
		CA1639421B0E4FBC00E4FC81 /* Products */ = {
			isa = PBXGroup;
			children = (
				CA1639411B0E4FBC00E4FC81 /* WallDisplayMapController.app */,
				CA16395A1B0E4FBC00E4FC81 /* WallDisplayMapControllerTests.xctest */,
			);
			name = Products;
			sourceTree = "<group>";
		};
		CA1639431B0E4FBC00E4FC81 /* WallDisplayMapController */ = {
			isa = PBXGroup;
			children = (
				AE0E803E1B46F8EA0047AD80 /* RAReorderableLayout.swift */,
				CA1639481B0E4FBC00E4FC81 /* AppDelegate.h */,
				CA1639491B0E4FBC00E4FC81 /* AppDelegate.m */,
				CA16396D1B0E742200E4FC81 /* MapWallDisplayProtocal.h */,
				AE869D401B0FEB07000900FF /* EarthControlRequest.h */,
				AE869D411B0FEB07000900FF /* EarthControlRequest.m */,
				AE26BB511B66A96400110615 /* ThresholdChangeRequest.h */,
				AE26BB521B66A96400110615 /* ThresholdChangeRequest.m */,
				CA43FB811B17CBB800736FC3 /* MethodIntervalCaller.h */,
				CA43FB821B17CBB800736FC3 /* MethodIntervalCaller.m */,
				CA16396E1B0E7AC000E4FC81 /* MapWallDisplayController.h */,
				CA16396F1B0E7AC000E4FC81 /* MapWallDisplayController.m */,
				AE3BF00F1B4C3F7300CB2B88 /* GlobalManager.h */,
				AE3BF0101B4C3F7300CB2B88 /* GlobalManager.m */,
				AE23B9541B34DA6A009B0E2E /* RabbitMQManager.h */,
				AE23B9551B34DA6B009B0E2E /* RabbitMQManager.m */,
				AEB81D921B43113300EA1450 /* WobbleAnimator.h */,
				AEB81D931B43113300EA1450 /* WobbleAnimator.m */,
				AE1203091B1E2A2D0058A43A /* Launch Screen.xib */,
				AE6477441B2BA2A5006E8925 /* Model */,
				AE6477451B2BA2AC006E8925 /* Controller */,
				CA2D53F01B1C205600B975B6 /* View */,
				CA1639511B0E4FBC00E4FC81 /* Images.xcassets */,
				CA42E0E31B1CF55F0011726E /* resources */,
				CA1639441B0E4FBC00E4FC81 /* Supporting Files */,
				AE0E803D1B46F8E90047AD80 /* WallDisplayMapController-Bridging-Header.h */,
			);
			path = WallDisplayMapController;
			sourceTree = "<group>";
		};
		CA1639441B0E4FBC00E4FC81 /* Supporting Files */ = {
			isa = PBXGroup;
			children = (
				AE23B9531B34C3BB009B0E2E /* PrefixHeader.pch */,
				CA1639451B0E4FBC00E4FC81 /* Info.plist */,
				CA1639461B0E4FBC00E4FC81 /* main.m */,
				AE83C8CE1B3A32A70041E0C0 /* UIColor+Extend.h */,
				AE83C8CF1B3A32A70041E0C0 /* UIColor+Extend.m */,
				AEB8A9691B62AE8A003C8A68 /* NSOperationQueue+Timeout.h */,
				AEB8A96A1B62AE8A003C8A68 /* NSOperationQueue+Timeout.m */,
			);
			name = "Supporting Files";
			sourceTree = "<group>";
		};
		CA16395D1B0E4FBC00E4FC81 /* WallDisplayMapControllerTests */ = {
			isa = PBXGroup;
			children = (
				CA1639601B0E4FBC00E4FC81 /* WallDisplayMapControllerTests.m */,
				CA16395E1B0E4FBC00E4FC81 /* Supporting Files */,
			);
			path = WallDisplayMapControllerTests;
			sourceTree = "<group>";
		};
		CA16395E1B0E4FBC00E4FC81 /* Supporting Files */ = {
			isa = PBXGroup;
			children = (
				CA16395F1B0E4FBC00E4FC81 /* Info.plist */,
			);
			name = "Supporting Files";
			sourceTree = "<group>";
		};
		CA2D53F01B1C205600B975B6 /* View */ = {
			isa = PBXGroup;
			children = (
				AE20E3F41B3B480F0066BBFE /* WidgetElementViews */,
				CA16396A1B0E546300E4FC81 /* MapControlView.h */,
				CA16396B1B0E546300E4FC81 /* MapControlView.m */,
				CA2D53ED1B1C1F9F00B975B6 /* TutorialView.h */,
				CA2D53EE1B1C1F9F00B975B6 /* TutorialView.m */,
				AE2C30BD1B585E49006A955E /* MaskContentView.h */,
				AE2C30BE1B585E49006A955E /* MaskContentView.m */,
				AE9E40341B320AE00085000D /* UnavailableView.h */,
				AE9E40351B320AE00085000D /* UnavailableView.m */,
				AE78ADAF1B729AC500780E26 /* HintView.h */,
				AE78ADB01B729AC500780E26 /* HintView.m */,
				CA4678FA1C5BE84900C4D7BB /* HistoryViews */,
			);
			name = View;
			sourceTree = "<group>";
		};
		CA42E0E31B1CF55F0011726E /* resources */ = {
			isa = PBXGroup;
			children = (
				AEC45C631B855429008F2623 /* up_pressed.png */,
				AEC45C641B855429008F2623 /* down.png */,
				AEC45C651B855429008F2623 /* down_pressed.png */,
				AEC45C661B855429008F2623 /* up.png */,
				AEB8A96E1B62E598003C8A68 /* line.png */,
				AEB8A9501B615B78003C8A68 /* gearIcon_selected.png */,
				AEB8A9511B615B78003C8A68 /* gearIcon.png */,
				AE2C30C21B59B0D0006A955E /* error_img2.png */,
				AE2C30BB1B57160A006A955E /* DE.png */,
				AED3B8031B55E233008292C4 /* heating_icon.png */,
				AED3B8041B55E233008292C4 /* lights_icon.png */,
				AED3B8051B55E233008292C4 /* mobility_icon.png */,
				AE3B9CF51B4B22630037AEF2 /* pieChatIcon_unselected.png */,
				AE3B9CF61B4B22630037AEF2 /* remoteIcon_unselected.png */,
				AE6C041E1B41D4C700A1D777 /* active_pct.png */,
				AE6C041F1B41D4C700A1D777 /* apart.png */,
				AE6C04201B41D4C700A1D777 /* rowhouse.png */,
				AE6C04211B41D4C700A1D777 /* single.png */,
				AE6C04221B41D4C700A1D777 /* transit_pct.png */,
				AE6C04231B41D4C700A1D777 /* vehicle_pct.png */,
				CA461A371B1E53CD00534070 /* zoomGestureMovie.mp4 */,
				CA461A351B1E521B00534070 /* tiltGestureMovie.mp4 */,
				CA461A331B1E4FCC00534070 /* rotateGestureMovie.mp4 */,
				CA461A2F1B1E4C3700534070 /* dragGestureMovie.mp4 */,
				CA2631531B4702CA00A74FB7 /* pieChatIcon@2x.png */,
				CA2631551B4702D000A74FB7 /* pieChatIcon.png */,
				CA2631631B4712E300A74FB7 /* remoteIcon.png */,
				CA2631641B4712E300A74FB7 /* remoteIcon@2x.png */,
				CAD0C8231CAF8C8A0022B67B /* testScreenShot1.jpg */,
				CAD0C8241CAF8C8A0022B67B /* testScreenShot2.jpg */,
			);
			name = resources;
			sourceTree = "<group>";
		};
		CA4678F91C5BE83C00C4D7BB /* HistoryViewControllers */ = {
			isa = PBXGroup;
			children = (
				CA74C3431C595A37004D3CCE /* HistoryContainerViewController.h */,
				CA74C3441C595A37004D3CCE /* HistoryContainerViewController.m */,
				CA4678FB1C5BEB5D00C4D7BB /* HistoryBarController.h */,
				CA4678FC1C5BEB5D00C4D7BB /* HistoryBarController.m */,
				CA4A35891C72D3E100656118 /* HistoryBarViewMyDelegate.h */,
				CA4A35931C75938C00656118 /* HistoryBarLayout.h */,
				CA4A35941C75938C00656118 /* HistoryBarLayout.m */,
				CAD0C8171CAEF4610022B67B /* HistoryPreviewController.h */,
				CAD0C8181CAEF4610022B67B /* HistoryPreviewController.m */,
			);
			name = HistoryViewControllers;
			sourceTree = "<group>";
		};
		CA4678FA1C5BE84900C4D7BB /* HistoryViews */ = {
			isa = PBXGroup;
			children = (
				CA330F611CA22FAC001159D0 /* HistoryRenderRef.h */,
				CA330F621CA22FAC001159D0 /* HistoryRenderRef.m */,
				CA74C3461C595A6A004D3CCE /* HistoryContainerView.h */,
				CA74C3471C595A6A004D3CCE /* HistoryContainerView.m */,
				CA4678FE1C5BEB7800C4D7BB /* HistoryBarView.h */,
				CA4678FF1C5BEB7800C4D7BB /* HistoryBarView.m */,
				CA4679011C62A4DB00C4D7BB /* HistoryBarCell.h */,
				CA4679021C62A4DB00C4D7BB /* HistoryBarCell.m */,
				CA4E04901C9B5A3A00E2B60D /* MetricView.h */,
				CA4E04911C9B5A3A00E2B60D /* MetricView.m */,
				CAD0C8061CA9D0480022B67B /* GraphLineView.h */,
				CAD0C8071CA9D0480022B67B /* GraphLineView.m */,
				CAD0C8201CAEF63F0022B67B /* HistoryPreviewView.h */,
				CAD0C8211CAEF63F0022B67B /* HistoryPreviewView.m */,
			);
			name = HistoryViews;
			sourceTree = "<group>";
		};
		CAD0C8091CAC69A80022B67B /* History */ = {
			isa = PBXGroup;
			children = (
				CAD0C8141CAC74FC0022B67B /* MetricNameTypeDef.h */,
				CAD0C80A1CAC6B7F0022B67B /* MetricsHistoryDataCenter.h */,
				CAD0C80B1CAC6B7F0022B67B /* MetricsHistoryDataCenter.m */,
			);
			name = History;
			sourceTree = "<group>";
		};
		CAFC108D1C71A73800523617 /* Products */ = {
			isa = PBXGroup;
			children = (
				CAFC10971C71A73800523617 /* libpop.a */,
				CAFC10991C71A73800523617 /* pop.framework */,
				CAFC109B1C71A73800523617 /* pop.framework */,
				CAFC109D1C71A73800523617 /* pop.framework */,
				CAFC109F1C71A73800523617 /* pop-tests.xctest */,
				CAFC10A11C71A73800523617 /* pop-tests.xctest */,
				CAFC10A31C71A73800523617 /* pop-tests.xctest */,
			);
			name = Products;
			sourceTree = "<group>";
		};
		FEF783D47782776F3F6477CC /* Frameworks */ = {
			isa = PBXGroup;
			children = (
				AEA1BF6C1B3C8A030079BD66 /* DroppableView */,
				AE869D3A1B0EA9FA000900FF /* XMLDictionary.h */,
				AE869D3B1B0EA9FA000900FF /* XMLDictionary.m */,
				C2EB0F574A27F24236C46473 /* libPods.a */,
			);
			name = Frameworks;
			sourceTree = "<group>";
		};
/* End PBXGroup section */

/* Begin PBXNativeTarget section */
		CA1639401B0E4FBC00E4FC81 /* WallDisplayMapController */ = {
			isa = PBXNativeTarget;
			buildConfigurationList = CA1639641B0E4FBC00E4FC81 /* Build configuration list for PBXNativeTarget "WallDisplayMapController" */;
			buildPhases = (
				C08DDDC87319EFE3246661A7 /* Check Pods Manifest.lock */,
				CA16393D1B0E4FBC00E4FC81 /* Sources */,
				CA16393E1B0E4FBC00E4FC81 /* Frameworks */,
				CA16393F1B0E4FBC00E4FC81 /* Resources */,
				CF6AB2C940A1B98362D5C559 /* Copy Pods Resources */,
				CAFC10A81C71A74700523617 /* Embed Frameworks */,
			);
			buildRules = (
			);
			dependencies = (
				CAFC10A71C71A74600523617 /* PBXTargetDependency */,
			);
			name = WallDisplayMapController;
			productName = WallDisplayMapController;
			productReference = CA1639411B0E4FBC00E4FC81 /* WallDisplayMapController.app */;
			productType = "com.apple.product-type.application";
		};
		CA1639591B0E4FBC00E4FC81 /* WallDisplayMapControllerTests */ = {
			isa = PBXNativeTarget;
			buildConfigurationList = CA1639671B0E4FBC00E4FC81 /* Build configuration list for PBXNativeTarget "WallDisplayMapControllerTests" */;
			buildPhases = (
				CA1639561B0E4FBC00E4FC81 /* Sources */,
				CA1639571B0E4FBC00E4FC81 /* Frameworks */,
				CA1639581B0E4FBC00E4FC81 /* Resources */,
			);
			buildRules = (
			);
			dependencies = (
				CA16395C1B0E4FBC00E4FC81 /* PBXTargetDependency */,
			);
			name = WallDisplayMapControllerTests;
			productName = WallDisplayMapControllerTests;
			productReference = CA16395A1B0E4FBC00E4FC81 /* WallDisplayMapControllerTests.xctest */;
			productType = "com.apple.product-type.bundle.unit-test";
		};
/* End PBXNativeTarget section */

/* Begin PBXProject section */
		CA1639391B0E4FBC00E4FC81 /* Project object */ = {
			isa = PBXProject;
			attributes = {
				LastSwiftMigration = 0720;
				LastSwiftUpdateCheck = 0720;
				LastUpgradeCheck = 0630;
				ORGANIZATIONNAME = Jialiang;
				TargetAttributes = {
					CA1639401B0E4FBC00E4FC81 = {
						CreatedOnToolsVersion = 6.3.1;
						DevelopmentTeam = 3JN39R4EL8;
					};
					CA1639591B0E4FBC00E4FC81 = {
						CreatedOnToolsVersion = 6.3.1;
						TestTargetID = CA1639401B0E4FBC00E4FC81;
					};
				};
			};
			buildConfigurationList = CA16393C1B0E4FBC00E4FC81 /* Build configuration list for PBXProject "WallDisplayMapController" */;
			compatibilityVersion = "Xcode 3.2";
			developmentRegion = English;
			hasScannedForEncodings = 0;
			knownRegions = (
				en,
				Base,
			);
			mainGroup = CA1639381B0E4FBC00E4FC81;
			productRefGroup = CA1639421B0E4FBC00E4FC81 /* Products */;
			projectDirPath = "";
			projectReferences = (
				{
					ProductGroup = CAFC108D1C71A73800523617 /* Products */;
					ProjectRef = CAFC108C1C71A73800523617 /* pop.xcodeproj */;
				},
			);
			projectRoot = "";
			targets = (
				CA1639401B0E4FBC00E4FC81 /* WallDisplayMapController */,
				CA1639591B0E4FBC00E4FC81 /* WallDisplayMapControllerTests */,
			);
		};
/* End PBXProject section */

/* Begin PBXReferenceProxy section */
		CAFC10971C71A73800523617 /* libpop.a */ = {
			isa = PBXReferenceProxy;
			fileType = archive.ar;
			path = libpop.a;
			remoteRef = CAFC10961C71A73800523617 /* PBXContainerItemProxy */;
			sourceTree = BUILT_PRODUCTS_DIR;
		};
		CAFC10991C71A73800523617 /* pop.framework */ = {
			isa = PBXReferenceProxy;
			fileType = wrapper.framework;
			path = pop.framework;
			remoteRef = CAFC10981C71A73800523617 /* PBXContainerItemProxy */;
			sourceTree = BUILT_PRODUCTS_DIR;
		};
		CAFC109B1C71A73800523617 /* pop.framework */ = {
			isa = PBXReferenceProxy;
			fileType = wrapper.framework;
			path = pop.framework;
			remoteRef = CAFC109A1C71A73800523617 /* PBXContainerItemProxy */;
			sourceTree = BUILT_PRODUCTS_DIR;
		};
		CAFC109D1C71A73800523617 /* pop.framework */ = {
			isa = PBXReferenceProxy;
			fileType = wrapper.framework;
			path = pop.framework;
			remoteRef = CAFC109C1C71A73800523617 /* PBXContainerItemProxy */;
			sourceTree = BUILT_PRODUCTS_DIR;
		};
		CAFC109F1C71A73800523617 /* pop-tests.xctest */ = {
			isa = PBXReferenceProxy;
			fileType = wrapper.cfbundle;
			path = "pop-tests.xctest";
			remoteRef = CAFC109E1C71A73800523617 /* PBXContainerItemProxy */;
			sourceTree = BUILT_PRODUCTS_DIR;
		};
		CAFC10A11C71A73800523617 /* pop-tests.xctest */ = {
			isa = PBXReferenceProxy;
			fileType = wrapper.cfbundle;
			path = "pop-tests.xctest";
			remoteRef = CAFC10A01C71A73800523617 /* PBXContainerItemProxy */;
			sourceTree = BUILT_PRODUCTS_DIR;
		};
		CAFC10A31C71A73800523617 /* pop-tests.xctest */ = {
			isa = PBXReferenceProxy;
			fileType = wrapper.cfbundle;
			path = "pop-tests.xctest";
			remoteRef = CAFC10A21C71A73800523617 /* PBXContainerItemProxy */;
			sourceTree = BUILT_PRODUCTS_DIR;
		};
/* End PBXReferenceProxy section */

/* Begin PBXResourcesBuildPhase section */
		CA16393F1B0E4FBC00E4FC81 /* Resources */ = {
			isa = PBXResourcesBuildPhase;
			buildActionMask = 2147483647;
			files = (
				AEC45C6A1B855429008F2623 /* up.png in Resources */,
				CA461A341B1E4FCC00534070 /* rotateGestureMovie.mp4 in Resources */,
				AE6C04261B41D4C700A1D777 /* rowhouse.png in Resources */,
				CA461A381B1E53CD00534070 /* zoomGestureMovie.mp4 in Resources */,
				CA461A361B1E521B00534070 /* tiltGestureMovie.mp4 in Resources */,
				CA2631651B4712E300A74FB7 /* remoteIcon.png in Resources */,
				AED3B8081B55E233008292C4 /* mobility_icon.png in Resources */,
				CA2631541B4702CA00A74FB7 /* pieChatIcon@2x.png in Resources */,
				CAD0C8251CAF8C8A0022B67B /* testScreenShot1.jpg in Resources */,
				CA2631661B4712E300A74FB7 /* remoteIcon@2x.png in Resources */,
				AEB8A9521B615B78003C8A68 /* gearIcon_selected.png in Resources */,
				CA1639521B0E4FBC00E4FC81 /* Images.xcassets in Resources */,
				CA2631561B4702D000A74FB7 /* pieChatIcon.png in Resources */,
				AE3B9CF71B4B22630037AEF2 /* pieChatIcon_unselected.png in Resources */,
				AE6C04241B41D4C700A1D777 /* active_pct.png in Resources */,
				AEC45C691B855429008F2623 /* down_pressed.png in Resources */,
				CAD0C8261CAF8C8A0022B67B /* testScreenShot2.jpg in Resources */,
				AE6C04281B41D4C700A1D777 /* transit_pct.png in Resources */,
				AE3B9CF81B4B22630037AEF2 /* remoteIcon_unselected.png in Resources */,
				AEB8A9531B615B78003C8A68 /* gearIcon.png in Resources */,
				AED3B8061B55E233008292C4 /* heating_icon.png in Resources */,
				AEB8A96F1B62E598003C8A68 /* line.png in Resources */,
				AE6C04251B41D4C700A1D777 /* apart.png in Resources */,
				AE2C30C31B59B0D0006A955E /* error_img2.png in Resources */,
				CA461A301B1E4C3700534070 /* dragGestureMovie.mp4 in Resources */,
				AEC45C671B855429008F2623 /* up_pressed.png in Resources */,
				AE6C04271B41D4C700A1D777 /* single.png in Resources */,
				AEC45C681B855429008F2623 /* down.png in Resources */,
				AED3B8071B55E233008292C4 /* lights_icon.png in Resources */,
				AE6C04291B41D4C700A1D777 /* vehicle_pct.png in Resources */,
				AE2C30BC1B57160A006A955E /* DE.png in Resources */,
				AE12030A1B1E2A2D0058A43A /* Launch Screen.xib in Resources */,
			);
			runOnlyForDeploymentPostprocessing = 0;
		};
		CA1639581B0E4FBC00E4FC81 /* Resources */ = {
			isa = PBXResourcesBuildPhase;
			buildActionMask = 2147483647;
			files = (
			);
			runOnlyForDeploymentPostprocessing = 0;
		};
/* End PBXResourcesBuildPhase section */

/* Begin PBXShellScriptBuildPhase section */
		C08DDDC87319EFE3246661A7 /* Check Pods Manifest.lock */ = {
			isa = PBXShellScriptBuildPhase;
			buildActionMask = 2147483647;
			files = (
			);
			inputPaths = (
			);
			name = "Check Pods Manifest.lock";
			outputPaths = (
			);
			runOnlyForDeploymentPostprocessing = 0;
			shellPath = /bin/sh;
			shellScript = "diff \"${PODS_ROOT}/../Podfile.lock\" \"${PODS_ROOT}/Manifest.lock\" > /dev/null\nif [[ $? != 0 ]] ; then\n    cat << EOM\nerror: The sandbox is not in sync with the Podfile.lock. Run 'pod install' or update your CocoaPods installation.\nEOM\n    exit 1\nfi\n";
			showEnvVarsInLog = 0;
		};
		CF6AB2C940A1B98362D5C559 /* Copy Pods Resources */ = {
			isa = PBXShellScriptBuildPhase;
			buildActionMask = 2147483647;
			files = (
			);
			inputPaths = (
			);
			name = "Copy Pods Resources";
			outputPaths = (
			);
			runOnlyForDeploymentPostprocessing = 0;
			shellPath = /bin/sh;
			shellScript = "\"${SRCROOT}/Pods/Target Support Files/Pods/Pods-resources.sh\"\n";
			showEnvVarsInLog = 0;
		};
/* End PBXShellScriptBuildPhase section */

/* Begin PBXSourcesBuildPhase section */
		CA16393D1B0E4FBC00E4FC81 /* Sources */ = {
			isa = PBXSourcesBuildPhase;
			buildActionMask = 2147483647;
			files = (
				AE6477481B2BA32D006E8925 /* DensityModel.m in Sources */,
				CA16394D1B0E4FBC00E4FC81 /* MapControlViewController.m in Sources */,
				CA1639701B0E7AC000E4FC81 /* MapWallDisplayController.m in Sources */,
				AEB8A94F1B6152AB003C8A68 /* SettingsViewController.m in Sources */,
				CAD0C80C1CAC6B7F0022B67B /* MetricsHistoryDataCenter.m in Sources */,
				CA43FB831B17CBB800736FC3 /* MethodIntervalCaller.m in Sources */,
				AE64774B1B2BA33B006E8925 /* EnergyModel.m in Sources */,
				AEB81D941B43113300EA1450 /* WobbleAnimator.m in Sources */,
				AE9E40361B320AE00085000D /* UnavailableView.m in Sources */,
				AEA1BF6F1B3C8A030079BD66 /* JDDroppableView.m in Sources */,
				AEA1BF721B3DEA410079BD66 /* DroppableCircleChart.m in Sources */,
				AE23B9561B34DA6B009B0E2E /* RabbitMQManager.m in Sources */,
				AE78ADB11B729AC500780E26 /* HintView.m in Sources */,
				AE64774E1B2BA347006E8925 /* BuildingsModel.m in Sources */,
				AE2C30BF1B585E49006A955E /* MaskContentView.m in Sources */,
				CAD0C8221CAEF63F0022B67B /* HistoryPreviewView.m in Sources */,
				AED3B7FF1B558D0D008292C4 /* DroppableNumberView.m in Sources */,
				CA2D53EF1B1C1F9F00B975B6 /* TutorialView.m in Sources */,
				AE26BB531B66A96400110615 /* ThresholdChangeRequest.m in Sources */,
				CA4679001C5BEB7800C4D7BB /* HistoryBarView.m in Sources */,
				CA4E04921C9B5A3A00E2B60D /* MetricView.m in Sources */,
				AE6477511B2BA43C006E8925 /* WidgetModel.m in Sources */,
				CA74C3481C595A6A004D3CCE /* HistoryContainerView.m in Sources */,
				AE6C042F1B42029400A1D777 /* DroppableChart.m in Sources */,
				CA16394A1B0E4FBC00E4FC81 /* AppDelegate.m in Sources */,
				CA4679031C62A4DB00C4D7BB /* HistoryBarCell.m in Sources */,
				CA16396C1B0E546300E4FC81 /* MapControlView.m in Sources */,
				AEA1BF751B3E09740079BD66 /* DroppableBarChart.m in Sources */,
				AE83C8CA1B3A091C0041E0C0 /* MasterViewController.m in Sources */,
				AE869D421B0FEB07000900FF /* EarthControlRequest.m in Sources */,
				AE0E803F1B46F8EA0047AD80 /* RAReorderableLayout.swift in Sources */,
				AED3B8021B55DEAC008292C4 /* DroppableSingleBarView.m in Sources */,
				CA1639471B0E4FBC00E4FC81 /* main.m in Sources */,
				AE3BF0111B4C3F7300CB2B88 /* GlobalManager.m in Sources */,
				CA4A35951C75938C00656118 /* HistoryBarLayout.m in Sources */,
				AE20E3F21B3B1C950066BBFE /* ChooseElementViewController.m in Sources */,
				CA330F631CA22FAC001159D0 /* HistoryRenderRef.m in Sources */,
				AEB81D971B43490900EA1450 /* DeleteButton.m in Sources */,
				AE79D6AB1B7BEFDC00C4C3F5 /* InfoLabel.m in Sources */,
				AEB8A96B1B62AE8A003C8A68 /* NSOperationQueue+Timeout.m in Sources */,
				AE869D3C1B0EA9FA000900FF /* XMLDictionary.m in Sources */,
				AE0E80421B471E210047AD80 /* MetricCollectionViewCell.m in Sources */,
				AE3F20F71B30B09200B653BE /* DistrictEnergyModel.m in Sources */,
				CAD0C8081CA9D0480022B67B /* GraphLineView.m in Sources */,
				CA4678FD1C5BEB5D00C4D7BB /* HistoryBarController.m in Sources */,
				CA74C3451C595A37004D3CCE /* HistoryContainerViewController.m in Sources */,
				CAD0C8191CAEF4610022B67B /* HistoryPreviewController.m in Sources */,
				AE83C8CD1B3A09390041E0C0 /* DetailViewController.m in Sources */,
				AE83C8D01B3A32A70041E0C0 /* UIColor+Extend.m in Sources */,
			);
			runOnlyForDeploymentPostprocessing = 0;
		};
		CA1639561B0E4FBC00E4FC81 /* Sources */ = {
			isa = PBXSourcesBuildPhase;
			buildActionMask = 2147483647;
			files = (
				CA1639611B0E4FBC00E4FC81 /* WallDisplayMapControllerTests.m in Sources */,
			);
			runOnlyForDeploymentPostprocessing = 0;
		};
/* End PBXSourcesBuildPhase section */

/* Begin PBXTargetDependency section */
		CA16395C1B0E4FBC00E4FC81 /* PBXTargetDependency */ = {
			isa = PBXTargetDependency;
			target = CA1639401B0E4FBC00E4FC81 /* WallDisplayMapController */;
			targetProxy = CA16395B1B0E4FBC00E4FC81 /* PBXContainerItemProxy */;
		};
		CAFC10A71C71A74600523617 /* PBXTargetDependency */ = {
			isa = PBXTargetDependency;
			name = "pop-ios-framework";
			targetProxy = CAFC10A61C71A74600523617 /* PBXContainerItemProxy */;
		};
/* End PBXTargetDependency section */

/* Begin XCBuildConfiguration section */
		CA1639621B0E4FBC00E4FC81 /* Debug */ = {
			isa = XCBuildConfiguration;
			buildSettings = {
				ALWAYS_SEARCH_USER_PATHS = YES;
				CLANG_CXX_LANGUAGE_STANDARD = "gnu++0x";
				CLANG_CXX_LIBRARY = "libc++";
				CLANG_ENABLE_MODULES = YES;
				CLANG_ENABLE_OBJC_ARC = YES;
				CLANG_WARN_BOOL_CONVERSION = YES;
				CLANG_WARN_CONSTANT_CONVERSION = YES;
				CLANG_WARN_DIRECT_OBJC_ISA_USAGE = YES_ERROR;
				CLANG_WARN_EMPTY_BODY = YES;
				CLANG_WARN_ENUM_CONVERSION = YES;
				CLANG_WARN_INT_CONVERSION = YES;
				CLANG_WARN_OBJC_ROOT_CLASS = YES_ERROR;
				CLANG_WARN_UNREACHABLE_CODE = YES;
				CLANG_WARN__DUPLICATE_METHOD_MATCH = YES;
				"CODE_SIGN_IDENTITY[sdk=iphoneos*]" = "iPhone Developer";
				COPY_PHASE_STRIP = NO;
				DEBUG_INFORMATION_FORMAT = "dwarf-with-dsym";
				DEFINES_MODULE = YES;
				EMBEDDED_CONTENT_CONTAINS_SWIFT = YES;
				ENABLE_BITCODE = NO;
				ENABLE_STRICT_OBJC_MSGSEND = YES;
				GCC_C_LANGUAGE_STANDARD = gnu99;
				GCC_DYNAMIC_NO_PIC = NO;
				GCC_NO_COMMON_BLOCKS = YES;
				GCC_OPTIMIZATION_LEVEL = 0;
				GCC_PRECOMPILE_PREFIX_HEADER = YES;
				GCC_PREFIX_HEADER = WallDisplayMapController/PrefixHeader.pch;
				GCC_PREPROCESSOR_DEFINITIONS = (
					"DEBUG=1",
					"$(inherited)",
				);
				GCC_SYMBOLS_PRIVATE_EXTERN = NO;
				GCC_WARN_64_TO_32_BIT_CONVERSION = YES;
				GCC_WARN_ABOUT_RETURN_TYPE = YES_ERROR;
				GCC_WARN_UNDECLARED_SELECTOR = YES;
				GCC_WARN_UNINITIALIZED_AUTOS = YES_AGGRESSIVE;
				GCC_WARN_UNUSED_FUNCTION = YES;
				GCC_WARN_UNUSED_VARIABLE = YES;
				IPHONEOS_DEPLOYMENT_TARGET = 8.3;
				MTL_ENABLE_DEBUG_INFO = YES;
				ONLY_ACTIVE_ARCH = YES;
				PRODUCT_MODULE_NAME = WallDisplayMapController;
				SDKROOT = iphoneos;
				SWIFT_INCLUDE_PATHS = "";
				SWIFT_OBJC_BRIDGING_HEADER = "WallDisplayMagController-Bridging-Header.h";
				TARGETED_DEVICE_FAMILY = 2;
			};
			name = Debug;
		};
		CA1639631B0E4FBC00E4FC81 /* Release */ = {
			isa = XCBuildConfiguration;
			buildSettings = {
				ALWAYS_SEARCH_USER_PATHS = YES;
				CLANG_CXX_LANGUAGE_STANDARD = "gnu++0x";
				CLANG_CXX_LIBRARY = "libc++";
				CLANG_ENABLE_MODULES = YES;
				CLANG_ENABLE_OBJC_ARC = YES;
				CLANG_WARN_BOOL_CONVERSION = YES;
				CLANG_WARN_CONSTANT_CONVERSION = YES;
				CLANG_WARN_DIRECT_OBJC_ISA_USAGE = YES_ERROR;
				CLANG_WARN_EMPTY_BODY = YES;
				CLANG_WARN_ENUM_CONVERSION = YES;
				CLANG_WARN_INT_CONVERSION = YES;
				CLANG_WARN_OBJC_ROOT_CLASS = YES_ERROR;
				CLANG_WARN_UNREACHABLE_CODE = YES;
				CLANG_WARN__DUPLICATE_METHOD_MATCH = YES;
				"CODE_SIGN_IDENTITY[sdk=iphoneos*]" = "iPhone Developer";
				COPY_PHASE_STRIP = NO;
				DEBUG_INFORMATION_FORMAT = "dwarf-with-dsym";
				DEFINES_MODULE = YES;
				EMBEDDED_CONTENT_CONTAINS_SWIFT = YES;
				ENABLE_BITCODE = NO;
				ENABLE_NS_ASSERTIONS = NO;
				ENABLE_STRICT_OBJC_MSGSEND = YES;
				GCC_C_LANGUAGE_STANDARD = gnu99;
				GCC_NO_COMMON_BLOCKS = YES;
				GCC_PRECOMPILE_PREFIX_HEADER = YES;
				GCC_PREFIX_HEADER = WallDisplayMapController/PrefixHeader.pch;
				GCC_WARN_64_TO_32_BIT_CONVERSION = YES;
				GCC_WARN_ABOUT_RETURN_TYPE = YES_ERROR;
				GCC_WARN_UNDECLARED_SELECTOR = YES;
				GCC_WARN_UNINITIALIZED_AUTOS = YES_AGGRESSIVE;
				GCC_WARN_UNUSED_FUNCTION = YES;
				GCC_WARN_UNUSED_VARIABLE = YES;
				IPHONEOS_DEPLOYMENT_TARGET = 8.3;
				MTL_ENABLE_DEBUG_INFO = NO;
				PRODUCT_MODULE_NAME = WallDisplayMapController;
				SDKROOT = iphoneos;
				SWIFT_INCLUDE_PATHS = "";
				SWIFT_OBJC_BRIDGING_HEADER = "WallDisplayMagController-Bridging-Header.h";
				TARGETED_DEVICE_FAMILY = 2;
				VALIDATE_PRODUCT = YES;
			};
			name = Release;
		};
		CA1639651B0E4FBC00E4FC81 /* Debug */ = {
			isa = XCBuildConfiguration;
			baseConfigurationReference = 6B3211977183155B24E27D81 /* Pods.debug.xcconfig */;
			buildSettings = {
				ASSETCATALOG_COMPILER_APPICON_NAME = AppIcon;
				CLANG_ENABLE_MODULES = YES;
				CODE_SIGN_IDENTITY = "iPhone Developer";
				"CODE_SIGN_IDENTITY[sdk=iphoneos*]" = "iPhone Developer";
				GCC_PRECOMPILE_PREFIX_HEADER = YES;
				GCC_PREFIX_HEADER = WallDisplayMapController/PrefixHeader.pch;
				INFOPLIST_FILE = WallDisplayMapController/Info.plist;
				LD_RUNPATH_SEARCH_PATHS = "$(inherited) @executable_path/Frameworks";
				PRODUCT_NAME = "$(TARGET_NAME)";
				PROVISIONING_PROFILE = "";
				SWIFT_OBJC_BRIDGING_HEADER = "WallDisplayMapController/WallDisplayMapController-Bridging-Header.h";
				SWIFT_OPTIMIZATION_LEVEL = "-Onone";
				TARGETED_DEVICE_FAMILY = 2;
			};
			name = Debug;
		};
		CA1639661B0E4FBC00E4FC81 /* Release */ = {
			isa = XCBuildConfiguration;
			baseConfigurationReference = 01F79DA70D6D5B20AF004F8F /* Pods.release.xcconfig */;
			buildSettings = {
				ASSETCATALOG_COMPILER_APPICON_NAME = AppIcon;
				CLANG_ENABLE_MODULES = YES;
				CODE_SIGN_IDENTITY = "iPhone Developer";
				"CODE_SIGN_IDENTITY[sdk=iphoneos*]" = "iPhone Developer";
				GCC_PRECOMPILE_PREFIX_HEADER = YES;
				GCC_PREFIX_HEADER = WallDisplayMapController/PrefixHeader.pch;
				INFOPLIST_FILE = WallDisplayMapController/Info.plist;
				LD_RUNPATH_SEARCH_PATHS = "$(inherited) @executable_path/Frameworks";
				PRODUCT_NAME = "$(TARGET_NAME)";
				PROVISIONING_PROFILE = "";
				SWIFT_OBJC_BRIDGING_HEADER = "WallDisplayMapController/WallDisplayMapController-Bridging-Header.h";
				TARGETED_DEVICE_FAMILY = 2;
			};
			name = Release;
		};
		CA1639681B0E4FBC00E4FC81 /* Debug */ = {
			isa = XCBuildConfiguration;
			buildSettings = {
				BUNDLE_LOADER = "$(TEST_HOST)";
				FRAMEWORK_SEARCH_PATHS = (
					"$(SDKROOT)/Developer/Library/Frameworks",
					"$(inherited)",
				);
				GCC_PREPROCESSOR_DEFINITIONS = (
					"DEBUG=1",
					"$(inherited)",
				);
				INFOPLIST_FILE = WallDisplayMapControllerTests/Info.plist;
				LD_RUNPATH_SEARCH_PATHS = "$(inherited) @executable_path/Frameworks @loader_path/Frameworks";
				PRODUCT_NAME = "$(TARGET_NAME)";
				TEST_HOST = "$(BUILT_PRODUCTS_DIR)/WallDisplayMapController.app/WallDisplayMapController";
			};
			name = Debug;
		};
		CA1639691B0E4FBC00E4FC81 /* Release */ = {
			isa = XCBuildConfiguration;
			buildSettings = {
				BUNDLE_LOADER = "$(TEST_HOST)";
				FRAMEWORK_SEARCH_PATHS = (
					"$(SDKROOT)/Developer/Library/Frameworks",
					"$(inherited)",
				);
				INFOPLIST_FILE = WallDisplayMapControllerTests/Info.plist;
				LD_RUNPATH_SEARCH_PATHS = "$(inherited) @executable_path/Frameworks @loader_path/Frameworks";
				PRODUCT_NAME = "$(TARGET_NAME)";
				TEST_HOST = "$(BUILT_PRODUCTS_DIR)/WallDisplayMapController.app/WallDisplayMapController";
			};
			name = Release;
		};
/* End XCBuildConfiguration section */

/* Begin XCConfigurationList section */
		CA16393C1B0E4FBC00E4FC81 /* Build configuration list for PBXProject "WallDisplayMapController" */ = {
			isa = XCConfigurationList;
			buildConfigurations = (
				CA1639621B0E4FBC00E4FC81 /* Debug */,
				CA1639631B0E4FBC00E4FC81 /* Release */,
			);
			defaultConfigurationIsVisible = 0;
			defaultConfigurationName = Release;
		};
		CA1639641B0E4FBC00E4FC81 /* Build configuration list for PBXNativeTarget "WallDisplayMapController" */ = {
			isa = XCConfigurationList;
			buildConfigurations = (
				CA1639651B0E4FBC00E4FC81 /* Debug */,
				CA1639661B0E4FBC00E4FC81 /* Release */,
			);
			defaultConfigurationIsVisible = 0;
			defaultConfigurationName = Release;
		};
		CA1639671B0E4FBC00E4FC81 /* Build configuration list for PBXNativeTarget "WallDisplayMapControllerTests" */ = {
			isa = XCConfigurationList;
			buildConfigurations = (
				CA1639681B0E4FBC00E4FC81 /* Debug */,
				CA1639691B0E4FBC00E4FC81 /* Release */,
			);
			defaultConfigurationIsVisible = 0;
			defaultConfigurationName = Release;
		};
/* End XCConfigurationList section */
	};
	rootObject = CA1639391B0E4FBC00E4FC81 /* Project object */;
}
